
Microsoft Visual Studio Solution File, Format Version 12.00
# Visual Studio Version 16
VisualStudioVersion = 16.0.31424.327
MinimumVisualStudioVersion = 10.0.40219.1
Project("{9A19103F-16F7-4668-BE54-9A1E7A4F7556}") = "Hajozas_BXI64U", "Hajozas_BXI64U\Hajozas_BXI64U.csproj", "{363F6744-BC94-441B-87C3-8EDE3C1DB955}"
EndProject
Global
	GlobalSection(SolutionConfigurationPlatforms) = preSolution
		Debug|Any CPU = Debug|Any CPU
		Release|Any CPU = Release|Any CPU
	EndGlobalSection
	GlobalSection(ProjectConfigurationPlatforms) = postSolution
		{363F6744-BC94-441B-87C3-8EDE3C1DB955}.Debug|Any CPU.ActiveCfg = Debug|Any CPU
		{363F6744-BC94-441B-87C3-8EDE3C1DB955}.Debug|Any CPU.Build.0 = Debug|Any CPU
		{363F6744-BC94-441B-87C3-8EDE3C1DB955}.Release|Any CPU.ActiveCfg = Release|Any CPU
		{363F6744-BC94-441B-87C3-8EDE3C1DB955}.Release|Any CPU.Build.0 = Release|Any CPU
	EndGlobalSection
	GlobalSection(SolutionProperties) = preSolution
		HideSolutionNode = FALSE
	EndGlobalSection
	GlobalSection(ExtensibilityGlobals) = postSolution
		SolutionGuid = {4BA4A0C6-A69E-4BB9-8A81-C773D69BA44D}
	EndGlobalSection
EndGlobal
